hash: b5b2049ed2d54ff65fa3c075e6d212790e4b0c686ed06f22daeb4d1ffcfe77b0
updated: 2018-12-28T16:31:34.359175885+01:00
imports:
- name: github.com/energieip/common-led-go
  version: 8677a6a28b4f13fea2793a837993a55937395c66
  subpackages:
  - pkg/driverled
- name: github.com/energieip/common-sensor-go
  version: 1a29593d423a2a742bc861778d42e3448c267444
  subpackages:
  - pkg/driversensor
testImports: []
